<?xml version="1.0" encoding="utf-8"?>
<Project ToolsVersion="4.0" xmlns="http://schemas.microsoft.com/developer/msbuild/2003">
  <ItemGroup>
    <Filter Include="Source Files">
      <UniqueIdentifier>{4FC737F1-C7A5-4376-A066-2A32D752A2FF}</UniqueIdentifier>
      <Extensions>cpp;c;cc;cxx;def;odl;idl;hpj;bat;asm;asmx</Extensions>
    </Filter>
    <Filter Include="Header Files">
      <UniqueIdentifier>{93995380-89BD-4b04-88EB-625FBE52EBFB}</UniqueIdentifier>
      <Extensions>h;hpp;hxx;hm;inl;inc;xsd</Extensions>
    </Filter>
    <Filter Include="Resource Files">
      <UniqueIdentifier>{67DA6AB6-F800-4c08-8B7A-83BB121AAD01}</UniqueIdentifier>
      <Extensions>rc;ico;cur;bmp;dlg;rc2;rct;bin;rgs;gif;jpg;jpeg;jpe;resx;tiff;tif;png;wav;mfcribbon-ms</Extensions>
    </Filter>
    <Filter Include="Source Files\kinglib">
      <UniqueIdentifier>{71369e4a-8c3f-454a-bdba-5c82895475ea}</UniqueIdentifier>
    </Filter>
    <Filter Include="Header Files\kinglib">
      <UniqueIdentifier>{6821ade4-45c6-4243-9e66-0f5cdb1a863b}</UniqueIdentifier>
    </Filter>
    <Filter Include="Source Files\model">
      <UniqueIdentifier>{2d268304-7c76-4e58-a4f0-3140186471cd}</UniqueIdentifier>
    </Filter>
    <Filter Include="Source Files\view">
      <UniqueIdentifier>{94af08f6-2358-49f1-a87f-9d8fa39bddc4}</UniqueIdentifier>
    </Filter>
    <Filter Include="Source Files\controller">
      <UniqueIdentifier>{c98394d9-20b0-4267-a976-d2b27c2f42f5}</UniqueIdentifier>
    </Filter>
    <Filter Include="Source Files\model\graphlogic">
      <UniqueIdentifier>{ad29c6ee-4f19-4ec7-b453-05bfc83fb019}</UniqueIdentifier>
    </Filter>
    <Filter Include="Source Files\view\components">
      <UniqueIdentifier>{748621f7-24e1-4d82-a5ed-f9d3d3b9245a}</UniqueIdentifier>
    </Filter>
    <Filter Include="Source Files\controller\commons">
      <UniqueIdentifier>{2c666583-8015-4a6c-bb59-55ca74a0d169}</UniqueIdentifier>
    </Filter>
    <Filter Include="Source Files\controller\commands">
      <UniqueIdentifier>{7c617044-720e-4487-b843-8c813af7fabe}</UniqueIdentifier>
    </Filter>
    <Filter Include="Source Files\model\factories">
      <UniqueIdentifier>{51df6fc2-995f-43b7-902a-19f98968f370}</UniqueIdentifier>
    </Filter>
    <Filter Include="Source Files\view\scenes">
      <UniqueIdentifier>{b5811390-ffe4-483f-933d-6a2b50115e3f}</UniqueIdentifier>
    </Filter>
    <Filter Include="Source Files\settings">
      <UniqueIdentifier>{ab741345-1ed7-4ddf-a4cd-bcf73517f601}</UniqueIdentifier>
    </Filter>
  </ItemGroup>
  <ItemGroup>
    <ClCompile Include="..\src\main.cpp">
      <Filter>Source Files</Filter>
    </ClCompile>
    <ClCompile Include="..\external\include\king\SdlWindow.cpp">
      <Filter>Source Files\kinglib</Filter>
    </ClCompile>
    <ClCompile Include="..\external\include\king\Engine.cpp">
      <Filter>Source Files\kinglib</Filter>
    </ClCompile>
    <ClCompile Include="..\external\include\king\Font.cpp">
      <Filter>Source Files\kinglib</Filter>
    </ClCompile>
    <ClCompile Include="..\external\include\king\GlContext.cpp">
      <Filter>Source Files\kinglib</Filter>
    </ClCompile>
    <ClCompile Include="..\external\include\king\Sdl.cpp">
      <Filter>Source Files\kinglib</Filter>
    </ClCompile>
    <ClCompile Include="..\external\include\king\SdlSurface.cpp">
      <Filter>Source Files\kinglib</Filter>
    </ClCompile>
    <ClCompile Include="Match3Graph.cpp">
      <Filter>Source Files\model\graphlogic</Filter>
    </ClCompile>
    <ClCompile Include="LevelScene.cpp">
      <Filter>Source Files\view\scenes</Filter>
    </ClCompile>
    <ClCompile Include="MainScene.cpp">
      <Filter>Source Files\view\scenes</Filter>
    </ClCompile>
    <ClCompile Include="LevelRepository.cpp">
      <Filter>Source Files\model</Filter>
    </ClCompile>
    <ClCompile Include="JewelryItem.cpp">
      <Filter>Source Files\view\components</Filter>
    </ClCompile>
    <ClCompile Include="Board.cpp">
      <Filter>Source Files\view\components</Filter>
    </ClCompile>
    <ClCompile Include="BackgroundItem.cpp">
      <Filter>Source Files\view\components</Filter>
    </ClCompile>
  </ItemGroup>
  <ItemGroup>
    <ClInclude Include="..\external\include\king\Engine.h">
      <Filter>Header Files\kinglib</Filter>
    </ClInclude>
    <ClInclude Include="..\external\include\king\Font.h">
      <Filter>Header Files\kinglib</Filter>
    </ClInclude>
    <ClInclude Include="..\external\include\king\GlContext.h">
      <Filter>Header Files\kinglib</Filter>
    </ClInclude>
    <ClInclude Include="..\external\include\king\Sdl.h">
      <Filter>Header Files\kinglib</Filter>
    </ClInclude>
    <ClInclude Include="..\external\include\king\SdlSurface.h">
      <Filter>Header Files\kinglib</Filter>
    </ClInclude>
    <ClInclude Include="..\external\include\king\SdlWindow.h">
      <Filter>Header Files\kinglib</Filter>
    </ClInclude>
    <ClInclude Include="..\external\include\king\Updater.h">
      <Filter>Header Files\kinglib</Filter>
    </ClInclude>
    <ClInclude Include="Command.h">
      <Filter>Header Files</Filter>
    </ClInclude>
    <ClInclude Include="Match3Graph.h">
      <Filter>Header Files</Filter>
    </ClInclude>
    <ClInclude Include="MainScene.h">
      <Filter>Header Files</Filter>
    </ClInclude>
    <ClInclude Include="LevelScene.h">
      <Filter>Header Files</Filter>
    </ClInclude>
    <ClInclude Include="Level.h">
      <Filter>Source Files\controller\commons</Filter>
    </ClInclude>
    <ClInclude Include="Item.h">
      <Filter>Source Files\view\components</Filter>
    </ClInclude>
    <ClInclude Include="Match3Settings.h">
      <Filter>Source Files\settings</Filter>
    </ClInclude>
    <ClInclude Include="LevelRepository.h">
      <Filter>Header Files</Filter>
    </ClInclude>
    <ClInclude Include="JewelryItem.h">
      <Filter>Header Files</Filter>
    </ClInclude>
    <ClInclude Include="Board.h">
      <Filter>Header Files</Filter>
    </ClInclude>
    <ClInclude Include="BackgroundItem.h">
      <Filter>Header Files</Filter>
    </ClInclude>
  </ItemGroup>
</Project>