<?xml version="1.0" encoding="utf-8"?>
<Project ToolsVersion="4.0" xmlns="http://schemas.microsoft.com/developer/msbuild/2003">
  <ItemGroup>
    <ClCompile Include="test.cpp" />
    <ClCompile Include="pch.cpp" />
    <ClCompile Include="Match3GraphTest.cpp">
      <Filter>graphlogic</Filter>
    </ClCompile>
    <ClCompile Include="CommandTest.cpp">
      <Filter>commands</Filter>
    </ClCompile>
    <ClCompile Include="JewerlyItemTest.cpp">
      <Filter>components</Filter>
    </ClCompile>
    <ClCompile Include="LevelBuilderTest.cpp">
      <Filter>builder</Filter>
    </ClCompile>
    <ClCompile Include="BoardBuilderTest.cpp">
      <Filter>builder</Filter>
    </ClCompile>
    <ClCompile Include="CommandFactoryTest.cpp">
      <Filter>commands</Filter>
    </ClCompile>
  </ItemGroup>
  <ItemGroup>
    <ClInclude Include="pch.h" />
  </ItemGroup>
  <ItemGroup>
    <None Include="packages.config" />
  </ItemGroup>
  <ItemGroup>
    <Filter Include="commands">
      <UniqueIdentifier>{202e7e2b-0ae6-4464-a39f-ea968eabb510}</UniqueIdentifier>
    </Filter>
    <Filter Include="commons">
      <UniqueIdentifier>{8ff3a459-a1d7-438d-a1ce-68add92d76e5}</UniqueIdentifier>
    </Filter>
    <Filter Include="components">
      <UniqueIdentifier>{673cac98-c695-45f1-9c79-41d6f05815ed}</UniqueIdentifier>
    </Filter>
    <Filter Include="scenes">
      <UniqueIdentifier>{c83747e0-cab2-42a9-8aaf-f5bf8fb26786}</UniqueIdentifier>
    </Filter>
    <Filter Include="graphlogic">
      <UniqueIdentifier>{1d3acfdc-1e2e-42f8-b652-7768bf0ae238}</UniqueIdentifier>
    </Filter>
    <Filter Include="builder">
      <UniqueIdentifier>{a38dbc88-e110-4f24-8ce3-0f59b49b0cde}</UniqueIdentifier>
    </Filter>
  </ItemGroup>
</Project>